# Fixture lock — issue #352 / iter-22 (retro §6, §8 P2)
#
# SHA-256 manifest of every shipped Excalidraw fixture in this directory.
# The `samples/excalidraw/__tests__/fixtures.test.ts` test asserts each
# file's hash matches this manifest. Catches the iter-21 P0-1 regression
# class structurally: any code path that silently mutates a fixture during
# CI (e.g. an autosave-loop bug that wipes 226 → 6 lines) would change
# the SHA and fail the gate at the iter the bug is introduced.
#
# Update this file when intentionally regenerating a fixture (and only
# then). Format: `<sha256>  <filename>` (two-space separator, mirrors
# the `sha256sum` output convention).
069b35a2652b6b7b3a99569adecd557db02ca79f2a12a6745a0fea567a0aaf83  1-shapes.excalidraw
98da99440e0bee19db4a95f5a7447bdfbe7cd314b58886a7f19af6b1d2272906  2-flowchart.excalidraw
00dc16522e826ef871cdda743997020230433161069928dc1f41f030aaf6ecbc  3-icons.excalidrawlib
f7a5294c734b70b7a9a86fb9300166462718a06edbfd47f22088f1e58633fb85  4-shapes.excalidraw.svg
d3f7ed9d1242fa42d07af8602ec2aa606c6567563eb9047d148db00dccc6fc76  5-shapes.excalidraw.png
